PODS:
  - MoeCommon (0.1.2):
    - MoeCommon/Base (= 0.1.2)
    - MoeCommon/Extension (= 0.1.2)
    - MoeCommon/Runtime (= 0.1.2)
  - MoeCommon/Base (0.1.2)
  - MoeCommon/Extension (0.1.2)
  - MoeCommon/Runtime (0.1.2):
    - MoeCommon/Base
    - MoeCommon/Extension

DEPENDENCIES:
  - MoeCommon (from `../`)

EXTERNAL SOURCES:
  MoeCommon:
    :path: "../"

SPEC CHECKSUMS:
  MoeCommon: 58429fce47df711e46147d7d34c07648459012ef

PODFILE CHECKSUM: 9df6b35a4e0f76e07cd1d942058d1470ee50a3ae

COCOAPODS: 1.11.2
